
Microsoft Visual Studio Solution File, Format Version 12.00
# Visual Studio 15
VisualStudioVersion = 15.0.27130.2027
MinimumVisualStudioVersion = 10.0.40219.1
Project("{FAE04EC0-301F-11D3-BF4B-00C04F79EFBC}") = "Xam.Prism.Android", "Xam.Prism\Xam.Prism.Android\Xam.Prism.Android.csproj", "{DFD0D6F8-287E-43FC-AFA9-2CBEE1248526}"
EndProject
Project("{FAE04EC0-301F-11D3-BF4B-00C04F79EFBC}") = "Xam.Prism.UWP", "Xam.Prism\Xam.Prism.UWP\Xam.Prism.UWP.csproj", "{53742F18-51F5-4C47-AE6D-AD6C7FEE10EA}"
EndProject
Project("{9A19103F-16F7-4668-BE54-9A1E7A4F7556}") = "Xam.Prism", "Xam.Prism\Xam.Prism\Xam.Prism.csproj", "{66F11C1C-92C9-4270-865D-C365E4FD02A2}"
EndProject
Global
	GlobalSection(SolutionConfigurationPlatforms) = preSolution
		Ad-Hoc|Any CPU = Ad-Hoc|Any CPU
		Ad-Hoc|ARM = Ad-Hoc|ARM
		Ad-Hoc|iPhone = Ad-Hoc|iPhone
		Ad-Hoc|iPhoneSimulator = Ad-Hoc|iPhoneSimulator
		Ad-Hoc|x64 = Ad-Hoc|x64
		Ad-Hoc|x86 = Ad-Hoc|x86
		AppStore|Any CPU = AppStore|Any CPU
		AppStore|ARM = AppStore|ARM
		AppStore|iPhone = AppStore|iPhone
		AppStore|iPhoneSimulator = AppStore|iPhoneSimulator
		AppStore|x64 = AppStore|x64
		AppStore|x86 = AppStore|x86
		Debug|Any CPU = Debug|Any CPU
		Debug|ARM = Debug|ARM
		Debug|iPhone = Debug|iPhone
		Debug|iPhoneSimulator = Debug|iPhoneSimulator
		Debug|x64 = Debug|x64
		Debug|x86 = Debug|x86
		Release|Any CPU = Release|Any CPU
		Release|ARM = Release|ARM
		Release|iPhone = Release|iPhone
		Release|iPhoneSimulator = Release|iPhoneSimulator
		Release|x64 = Release|x64
		Release|x86 = Release|x86
	EndGlobalSection
	GlobalSection(ProjectConfigurationPlatforms) = postSolution
		{DFD0D6F8-287E-43FC-AFA9-2CBEE1248526}.Ad-Hoc|Any CPU.ActiveCfg = Release|Any CPU
		{DFD0D6F8-287E-43FC-AFA9-2CBEE1248526}.Ad-Hoc|Any CPU.Build.0 = Release|Any CPU
		{DFD0D6F8-287E-43FC-AFA9-2CBEE1248526}.Ad-Hoc|Any CPU.Deploy.0 = Release|Any CPU
		{DFD0D6F8-287E-43FC-AFA9-2CBEE1248526}.Ad-Hoc|ARM.ActiveCfg = Release|Any CPU
		{DFD0D6F8-287E-43FC-AFA9-2CBEE1248526}.Ad-Hoc|ARM.Build.0 = Release|Any CPU
		{DFD0D6F8-287E-43FC-AFA9-2CBEE1248526}.Ad-Hoc|ARM.Deploy.0 = Release|Any CPU
		{DFD0D6F8-287E-43FC-AFA9-2CBEE1248526}.Ad-Hoc|iPhone.ActiveCfg = Release|Any CPU
		{DFD0D6F8-287E-43FC-AFA9-2CBEE1248526}.Ad-Hoc|iPhone.Build.0 = Release|Any CPU
		{DFD0D6F8-287E-43FC-AFA9-2CBEE1248526}.Ad-Hoc|iPhone.Deploy.0 = Release|Any CPU
		{DFD0D6F8-287E-43FC-AFA9-2CBEE1248526}.Ad-Hoc|iPhoneSimulator.ActiveCfg = Release|Any CPU
		{DFD0D6F8-287E-43FC-AFA9-2CBEE1248526}.Ad-Hoc|iPhoneSimulator.Build.0 = Release|Any CPU
		{DFD0D6F8-287E-43FC-AFA9-2CBEE1248526}.Ad-Hoc|iPhoneSimulator.Deploy.0 = Release|Any CPU
		{DFD0D6F8-287E-43FC-AFA9-2CBEE1248526}.Ad-Hoc|x64.ActiveCfg = Release|Any CPU
		{DFD0D6F8-287E-43FC-AFA9-2CBEE1248526}.Ad-Hoc|x64.Build.0 = Release|Any CPU
		{DFD0D6F8-287E-43FC-AFA9-2CBEE1248526}.Ad-Hoc|x64.Deploy.0 = Release|Any CPU
		{DFD0D6F8-287E-43FC-AFA9-2CBEE1248526}.Ad-Hoc|x86.ActiveCfg = Release|Any CPU
		{DFD0D6F8-287E-43FC-AFA9-2CBEE1248526}.Ad-Hoc|x86.Build.0 = Release|Any CPU
		{DFD0D6F8-287E-43FC-AFA9-2CBEE1248526}.Ad-Hoc|x86.Deploy.0 = Release|Any CPU
		{DFD0D6F8-287E-43FC-AFA9-2CBEE1248526}.AppStore|Any CPU.ActiveCfg = Release|Any CPU
		{DFD0D6F8-287E-43FC-AFA9-2CBEE1248526}.AppStore|Any CPU.Build.0 = Release|Any CPU
		{DFD0D6F8-287E-43FC-AFA9-2CBEE1248526}.AppStore|Any CPU.Deploy.0 = Release|Any CPU
		{DFD0D6F8-287E-43FC-AFA9-2CBEE1248526}.AppStore|ARM.ActiveCfg = Release|Any CPU
		{DFD0D6F8-287E-43FC-AFA9-2CBEE1248526}.AppStore|ARM.Build.0 = Release|Any CPU
		{DFD0D6F8-287E-43FC-AFA9-2CBEE1248526}.AppStore|ARM.Deploy.0 = Release|Any CPU
		{DFD0D6F8-287E-43FC-AFA9-2CBEE1248526}.AppStore|iPhone.ActiveCfg = Release|Any CPU
		{DFD0D6F8-287E-43FC-AFA9-2CBEE1248526}.AppStore|iPhone.Build.0 = Release|Any CPU
		{DFD0D6F8-287E-43FC-AFA9-2CBEE1248526}.AppStore|iPhone.Deploy.0 = Release|Any CPU
		{DFD0D6F8-287E-43FC-AFA9-2CBEE1248526}.AppStore|iPhoneSimulator.ActiveCfg = Release|Any CPU
		{DFD0D6F8-287E-43FC-AFA9-2CBEE1248526}.AppStore|iPhoneSimulator.Build.0 = Release|Any CPU
		{DFD0D6F8-287E-43FC-AFA9-2CBEE1248526}.AppStore|iPhoneSimulator.Deploy.0 = Release|Any CPU
		{DFD0D6F8-287E-43FC-AFA9-2CBEE1248526}.AppStore|x64.ActiveCfg = Release|Any CPU
		{DFD0D6F8-287E-43FC-AFA9-2CBEE1248526}.AppStore|x64.Build.0 = Release|Any CPU
		{DFD0D6F8-287E-43FC-AFA9-2CBEE1248526}.AppStore|x64.Deploy.0 = Release|Any CPU
		{DFD0D6F8-287E-43FC-AFA9-2CBEE1248526}.AppStore|x86.ActiveCfg = Release|Any CPU
		{DFD0D6F8-287E-43FC-AFA9-2CBEE1248526}.AppStore|x86.Build.0 = Release|Any CPU
		{DFD0D6F8-287E-43FC-AFA9-2CBEE1248526}.AppStore|x86.Deploy.0 = Release|Any CPU
		{DFD0D6F8-287E-43FC-AFA9-2CBEE1248526}.Debug|Any CPU.ActiveCfg = Debug|Any CPU
		{DFD0D6F8-287E-43FC-AFA9-2CBEE1248526}.Debug|Any CPU.Build.0 = Debug|Any CPU
		{DFD0D6F8-287E-43FC-AFA9-2CBEE1248526}.Debug|Any CPU.Deploy.0 = Debug|Any CPU
		{DFD0D6F8-287E-43FC-AFA9-2CBEE1248526}.Debug|ARM.ActiveCfg = Debug|Any CPU
		{DFD0D6F8-287E-43FC-AFA9-2CBEE1248526}.Debug|ARM.Build.0 = Debug|Any CPU
		{DFD0D6F8-287E-43FC-AFA9-2CBEE1248526}.Debug|ARM.Deploy.0 = Debug|Any CPU
		{DFD0D6F8-287E-43FC-AFA9-2CBEE1248526}.Debug|iPhone.ActiveCfg = Debug|Any CPU
		{DFD0D6F8-287E-43FC-AFA9-2CBEE1248526}.Debug|iPhone.Build.0 = Debug|Any CPU
		{DFD0D6F8-287E-43FC-AFA9-2CBEE1248526}.Debug|iPhone.Deploy.0 = Debug|Any CPU
		{DFD0D6F8-287E-43FC-AFA9-2CBEE1248526}.Debug|iPhoneSimulator.ActiveCfg = Debug|Any CPU
		{DFD0D6F8-287E-43FC-AFA9-2CBEE1248526}.Debug|iPhoneSimulator.Build.0 = Debug|Any CPU
		{DFD0D6F8-287E-43FC-AFA9-2CBEE1248526}.Debug|iPhoneSimulator.Deploy.0 = Debug|Any CPU
		{DFD0D6F8-287E-43FC-AFA9-2CBEE1248526}.Debug|x64.ActiveCfg = Debug|Any CPU
		{DFD0D6F8-287E-43FC-AFA9-2CBEE1248526}.Debug|x64.Build.0 = Debug|Any CPU
		{DFD0D6F8-287E-43FC-AFA9-2CBEE1248526}.Debug|x64.Deploy.0 = Debug|Any CPU
		{DFD0D6F8-287E-43FC-AFA9-2CBEE1248526}.Debug|x86.ActiveCfg = Debug|Any CPU
		{DFD0D6F8-287E-43FC-AFA9-2CBEE1248526}.Debug|x86.Build.0 = Debug|Any CPU
		{DFD0D6F8-287E-43FC-AFA9-2CBEE1248526}.Debug|x86.Deploy.0 = Debug|Any CPU
		{DFD0D6F8-287E-43FC-AFA9-2CBEE1248526}.Release|Any CPU.ActiveCfg = Release|Any CPU
		{DFD0D6F8-287E-43FC-AFA9-2CBEE1248526}.Release|Any CPU.Build.0 = Release|Any CPU
		{DFD0D6F8-287E-43FC-AFA9-2CBEE1248526}.Release|Any CPU.Deploy.0 = Release|Any CPU
		{DFD0D6F8-287E-43FC-AFA9-2CBEE1248526}.Release|ARM.ActiveCfg = Release|Any CPU
		{DFD0D6F8-287E-43FC-AFA9-2CBEE1248526}.Release|ARM.Build.0 = Release|Any CPU
		{DFD0D6F8-287E-43FC-AFA9-2CBEE1248526}.Release|ARM.Deploy.0 = Release|Any CPU
		{DFD0D6F8-287E-43FC-AFA9-2CBEE1248526}.Release|iPhone.ActiveCfg = Release|Any CPU
		{DFD0D6F8-287E-43FC-AFA9-2CBEE1248526}.Release|iPhone.Build.0 = Release|Any CPU
		{DFD0D6F8-287E-43FC-AFA9-2CBEE1248526}.Release|iPhone.Deploy.0 = Release|Any CPU
		{DFD0D6F8-287E-43FC-AFA9-2CBEE1248526}.Release|iPhoneSimulator.ActiveCfg = Release|Any CPU
		{DFD0D6F8-287E-43FC-AFA9-2CBEE1248526}.Release|iPhoneSimulator.Build.0 = Release|Any CPU
		{DFD0D6F8-287E-43FC-AFA9-2CBEE1248526}.Release|iPhoneSimulator.Deploy.0 = Release|Any CPU
		{DFD0D6F8-287E-43FC-AFA9-2CBEE1248526}.Release|x64.ActiveCfg = Release|Any CPU
		{DFD0D6F8-287E-43FC-AFA9-2CBEE1248526}.Release|x64.Build.0 = Release|Any CPU
		{DFD0D6F8-287E-43FC-AFA9-2CBEE1248526}.Release|x64.Deploy.0 = Release|Any CPU
		{DFD0D6F8-287E-43FC-AFA9-2CBEE1248526}.Release|x86.ActiveCfg = Release|Any CPU
		{DFD0D6F8-287E-43FC-AFA9-2CBEE1248526}.Release|x86.Build.0 = Release|Any CPU
		{DFD0D6F8-287E-43FC-AFA9-2CBEE1248526}.Release|x86.Deploy.0 = Release|Any CPU
		{53742F18-51F5-4C47-AE6D-AD6C7FEE10EA}.Ad-Hoc|Any CPU.ActiveCfg = Release|x86
		{53742F18-51F5-4C47-AE6D-AD6C7FEE10EA}.Ad-Hoc|Any CPU.Build.0 = Release|x86
		{53742F18-51F5-4C47-AE6D-AD6C7FEE10EA}.Ad-Hoc|Any CPU.Deploy.0 = Release|x86
		{53742F18-51F5-4C47-AE6D-AD6C7FEE10EA}.Ad-Hoc|ARM.ActiveCfg = Release|ARM
		{53742F18-51F5-4C47-AE6D-AD6C7FEE10EA}.Ad-Hoc|ARM.Build.0 = Release|ARM
		{53742F18-51F5-4C47-AE6D-AD6C7FEE10EA}.Ad-Hoc|ARM.Deploy.0 = Release|ARM
		{53742F18-51F5-4C47-AE6D-AD6C7FEE10EA}.Ad-Hoc|iPhone.ActiveCfg = Release|x86
		{53742F18-51F5-4C47-AE6D-AD6C7FEE10EA}.Ad-Hoc|iPhone.Build.0 = Release|x86
		{53742F18-51F5-4C47-AE6D-AD6C7FEE10EA}.Ad-Hoc|iPhone.Deploy.0 = Release|x86
		{53742F18-51F5-4C47-AE6D-AD6C7FEE10EA}.Ad-Hoc|iPhoneSimulator.ActiveCfg = Release|x86
		{53742F18-51F5-4C47-AE6D-AD6C7FEE10EA}.Ad-Hoc|iPhoneSimulator.Build.0 = Release|x86
		{53742F18-51F5-4C47-AE6D-AD6C7FEE10EA}.Ad-Hoc|iPhoneSimulator.Deploy.0 = Release|x86
		{53742F18-51F5-4C47-AE6D-AD6C7FEE10EA}.Ad-Hoc|x64.ActiveCfg = Release|x64
		{53742F18-51F5-4C47-AE6D-AD6C7FEE10EA}.Ad-Hoc|x64.Build.0 = Release|x64
		{53742F18-51F5-4C47-AE6D-AD6C7FEE10EA}.Ad-Hoc|x64.Deploy.0 = Release|x64
		{53742F18-51F5-4C47-AE6D-AD6C7FEE10EA}.Ad-Hoc|x86.ActiveCfg = Release|x86
		{53742F18-51F5-4C47-AE6D-AD6C7FEE10EA}.Ad-Hoc|x86.Build.0 = Release|x86
		{53742F18-51F5-4C47-AE6D-AD6C7FEE10EA}.Ad-Hoc|x86.Deploy.0 = Release|x86
		{53742F18-51F5-4C47-AE6D-AD6C7FEE10EA}.AppStore|Any CPU.ActiveCfg = Release|x86
		{53742F18-51F5-4C47-AE6D-AD6C7FEE10EA}.AppStore|Any CPU.Build.0 = Release|x86
		{53742F18-51F5-4C47-AE6D-AD6C7FEE10EA}.AppStore|Any CPU.Deploy.0 = Release|x86
		{53742F18-51F5-4C47-AE6D-AD6C7FEE10EA}.AppStore|ARM.ActiveCfg = Release|ARM
		{53742F18-51F5-4C47-AE6D-AD6C7FEE10EA}.AppStore|ARM.Build.0 = Release|ARM
		{53742F18-51F5-4C47-AE6D-AD6C7FEE10EA}.AppStore|ARM.Deploy.0 = Release|ARM
		{53742F18-51F5-4C47-AE6D-AD6C7FEE10EA}.AppStore|iPhone.ActiveCfg = Release|x86
		{53742F18-51F5-4C47-AE6D-AD6C7FEE10EA}.AppStore|iPhone.Build.0 = Release|x86
		{53742F18-51F5-4C47-AE6D-AD6C7FEE10EA}.AppStore|iPhone.Deploy.0 = Release|x86
		{53742F18-51F5-4C47-AE6D-AD6C7FEE10EA}.AppStore|iPhoneSimulator.ActiveCfg = Release|x86
		{53742F18-51F5-4C47-AE6D-AD6C7FEE10EA}.AppStore|iPhoneSimulator.Build.0 = Release|x86
		{53742F18-51F5-4C47-AE6D-AD6C7FEE10EA}.AppStore|iPhoneSimulator.Deploy.0 = Release|x86
		{53742F18-51F5-4C47-AE6D-AD6C7FEE10EA}.AppStore|x64.ActiveCfg = Release|x64
		{53742F18-51F5-4C47-AE6D-AD6C7FEE10EA}.AppStore|x64.Build.0 = Release|x64
		{53742F18-51F5-4C47-AE6D-AD6C7FEE10EA}.AppStore|x64.Deploy.0 = Release|x64
		{53742F18-51F5-4C47-AE6D-AD6C7FEE10EA}.AppStore|x86.ActiveCfg = Release|x86
		{53742F18-51F5-4C47-AE6D-AD6C7FEE10EA}.AppStore|x86.Build.0 = Release|x86
		{53742F18-51F5-4C47-AE6D-AD6C7FEE10EA}.AppStore|x86.Deploy.0 = Release|x86
		{53742F18-51F5-4C47-AE6D-AD6C7FEE10EA}.Debug|Any CPU.ActiveCfg = Debug|x86
		{53742F18-51F5-4C47-AE6D-AD6C7FEE10EA}.Debug|ARM.ActiveCfg = Debug|ARM
		{53742F18-51F5-4C47-AE6D-AD6C7FEE10EA}.Debug|ARM.Build.0 = Debug|ARM
		{53742F18-51F5-4C47-AE6D-AD6C7FEE10EA}.Debug|ARM.Deploy.0 = Debug|ARM
		{53742F18-51F5-4C47-AE6D-AD6C7FEE10EA}.Debug|iPhone.ActiveCfg = Debug|x86
		{53742F18-51F5-4C47-AE6D-AD6C7FEE10EA}.Debug|iPhoneSimulator.ActiveCfg = Debug|x86
		{53742F18-51F5-4C47-AE6D-AD6C7FEE10EA}.Debug|x64.ActiveCfg = Debug|x64
		{53742F18-51F5-4C47-AE6D-AD6C7FEE10EA}.Debug|x64.Build.0 = Debug|x64
		{53742F18-51F5-4C47-AE6D-AD6C7FEE10EA}.Debug|x64.Deploy.0 = Debug|x64
		{53742F18-51F5-4C47-AE6D-AD6C7FEE10EA}.Debug|x86.ActiveCfg = Debug|x86
		{53742F18-51F5-4C47-AE6D-AD6C7FEE10EA}.Debug|x86.Build.0 = Debug|x86
		{53742F18-51F5-4C47-AE6D-AD6C7FEE10EA}.Debug|x86.Deploy.0 = Debug|x86
		{53742F18-51F5-4C47-AE6D-AD6C7FEE10EA}.Release|Any CPU.ActiveCfg = Release|x86
		{53742F18-51F5-4C47-AE6D-AD6C7FEE10EA}.Release|ARM.ActiveCfg = Release|ARM
		{53742F18-51F5-4C47-AE6D-AD6C7FEE10EA}.Release|ARM.Build.0 = Release|ARM
		{53742F18-51F5-4C47-AE6D-AD6C7FEE10EA}.Release|ARM.Deploy.0 = Release|ARM
		{53742F18-51F5-4C47-AE6D-AD6C7FEE10EA}.Release|iPhone.ActiveCfg = Release|x86
		{53742F18-51F5-4C47-AE6D-AD6C7FEE10EA}.Release|iPhoneSimulator.ActiveCfg = Release|x86
		{53742F18-51F5-4C47-AE6D-AD6C7FEE10EA}.Release|x64.ActiveCfg = Release|x64
		{53742F18-51F5-4C47-AE6D-AD6C7FEE10EA}.Release|x64.Build.0 = Release|x64
		{53742F18-51F5-4C47-AE6D-AD6C7FEE10EA}.Release|x64.Deploy.0 = Release|x64
		{53742F18-51F5-4C47-AE6D-AD6C7FEE10EA}.Release|x86.ActiveCfg = Release|x86
		{53742F18-51F5-4C47-AE6D-AD6C7FEE10EA}.Release|x86.Build.0 = Release|x86
		{53742F18-51F5-4C47-AE6D-AD6C7FEE10EA}.Release|x86.Deploy.0 = Release|x86
		{66F11C1C-92C9-4270-865D-C365E4FD02A2}.Ad-Hoc|Any CPU.ActiveCfg = Debug|Any CPU
		{66F11C1C-92C9-4270-865D-C365E4FD02A2}.Ad-Hoc|Any CPU.Build.0 = Debug|Any CPU
		{66F11C1C-92C9-4270-865D-C365E4FD02A2}.Ad-Hoc|ARM.ActiveCfg = Debug|Any CPU
		{66F11C1C-92C9-4270-865D-C365E4FD02A2}.Ad-Hoc|ARM.Build.0 = Debug|Any CPU
		{66F11C1C-92C9-4270-865D-C365E4FD02A2}.Ad-Hoc|iPhone.ActiveCfg = Debug|Any CPU
		{66F11C1C-92C9-4270-865D-C365E4FD02A2}.Ad-Hoc|iPhone.Build.0 = Debug|Any CPU
		{66F11C1C-92C9-4270-865D-C365E4FD02A2}.Ad-Hoc|iPhoneSimulator.ActiveCfg = Debug|Any CPU
		{66F11C1C-92C9-4270-865D-C365E4FD02A2}.Ad-Hoc|iPhoneSimulator.Build.0 = Debug|Any CPU
		{66F11C1C-92C9-4270-865D-C365E4FD02A2}.Ad-Hoc|x64.ActiveCfg = Debug|Any CPU
		{66F11C1C-92C9-4270-865D-C365E4FD02A2}.Ad-Hoc|x64.Build.0 = Debug|Any CPU
		{66F11C1C-92C9-4270-865D-C365E4FD02A2}.Ad-Hoc|x86.ActiveCfg = Debug|Any CPU
		{66F11C1C-92C9-4270-865D-C365E4FD02A2}.Ad-Hoc|x86.Build.0 = Debug|Any CPU
		{66F11C1C-92C9-4270-865D-C365E4FD02A2}.AppStore|Any CPU.ActiveCfg = Debug|Any CPU
		{66F11C1C-92C9-4270-865D-C365E4FD02A2}.AppStore|Any CPU.Build.0 = Debug|Any CPU
		{66F11C1C-92C9-4270-865D-C365E4FD02A2}.AppStore|ARM.ActiveCfg = Debug|Any CPU
		{66F11C1C-92C9-4270-865D-C365E4FD02A2}.AppStore|ARM.Build.0 = Debug|Any CPU
		{66F11C1C-92C9-4270-865D-C365E4FD02A2}.AppStore|iPhone.ActiveCfg = Debug|Any CPU
		{66F11C1C-92C9-4270-865D-C365E4FD02A2}.AppStore|iPhone.Build.0 = Debug|Any CPU
		{66F11C1C-92C9-4270-865D-C365E4FD02A2}.AppStore|iPhoneSimulator.ActiveCfg = Debug|Any CPU
		{66F11C1C-92C9-4270-865D-C365E4FD02A2}.AppStore|iPhoneSimulator.Build.0 = Debug|Any CPU
		{66F11C1C-92C9-4270-865D-C365E4FD02A2}.AppStore|x64.ActiveCfg = Debug|Any CPU
		{66F11C1C-92C9-4270-865D-C365E4FD02A2}.AppStore|x64.Build.0 = Debug|Any CPU
		{66F11C1C-92C9-4270-865D-C365E4FD02A2}.AppStore|x86.ActiveCfg = Debug|Any CPU
		{66F11C1C-92C9-4270-865D-C365E4FD02A2}.AppStore|x86.Build.0 = Debug|Any CPU
		{66F11C1C-92C9-4270-865D-C365E4FD02A2}.Debug|Any CPU.ActiveCfg = Debug|Any CPU
		{66F11C1C-92C9-4270-865D-C365E4FD02A2}.Debug|Any CPU.Build.0 = Debug|Any CPU
		{66F11C1C-92C9-4270-865D-C365E4FD02A2}.Debug|ARM.ActiveCfg = Debug|Any CPU
		{66F11C1C-92C9-4270-865D-C365E4FD02A2}.Debug|ARM.Build.0 = Debug|Any CPU
		{66F11C1C-92C9-4270-865D-C365E4FD02A2}.Debug|iPhone.ActiveCfg = Debug|Any CPU
		{66F11C1C-92C9-4270-865D-C365E4FD02A2}.Debug|iPhone.Build.0 = Debug|Any CPU
		{66F11C1C-92C9-4270-865D-C365E4FD02A2}.Debug|iPhoneSimulator.ActiveCfg = Debug|Any CPU
		{66F11C1C-92C9-4270-865D-C365E4FD02A2}.Debug|iPhoneSimulator.Build.0 = Debug|Any CPU
		{66F11C1C-92C9-4270-865D-C365E4FD02A2}.Debug|x64.ActiveCfg = Debug|Any CPU
		{66F11C1C-92C9-4270-865D-C365E4FD02A2}.Debug|x64.Build.0 = Debug|Any CPU
		{66F11C1C-92C9-4270-865D-C365E4FD02A2}.Debug|x86.ActiveCfg = Debug|Any CPU
		{66F11C1C-92C9-4270-865D-C365E4FD02A2}.Debug|x86.Build.0 = Debug|Any CPU
		{66F11C1C-92C9-4270-865D-C365E4FD02A2}.Release|Any CPU.ActiveCfg = Release|Any CPU
		{66F11C1C-92C9-4270-865D-C365E4FD02A2}.Release|Any CPU.Build.0 = Release|Any CPU
		{66F11C1C-92C9-4270-865D-C365E4FD02A2}.Release|ARM.ActiveCfg = Release|Any CPU
		{66F11C1C-92C9-4270-865D-C365E4FD02A2}.Release|ARM.Build.0 = Release|Any CPU
		{66F11C1C-92C9-4270-865D-C365E4FD02A2}.Release|iPhone.ActiveCfg = Release|Any CPU
		{66F11C1C-92C9-4270-865D-C365E4FD02A2}.Release|iPhone.Build.0 = Release|Any CPU
		{66F11C1C-92C9-4270-865D-C365E4FD02A2}.Release|iPhoneSimulator.ActiveCfg = Release|Any CPU
		{66F11C1C-92C9-4270-865D-C365E4FD02A2}.Release|iPhoneSimulator.Build.0 = Release|Any CPU
		{66F11C1C-92C9-4270-865D-C365E4FD02A2}.Release|x64.ActiveCfg = Release|Any CPU
		{66F11C1C-92C9-4270-865D-C365E4FD02A2}.Release|x64.Build.0 = Release|Any CPU
		{66F11C1C-92C9-4270-865D-C365E4FD02A2}.Release|x86.ActiveCfg = Release|Any CPU
		{66F11C1C-92C9-4270-865D-C365E4FD02A2}.Release|x86.Build.0 = Release|Any CPU
	EndGlobalSection
	GlobalSection(SolutionProperties) = preSolution
		HideSolutionNode = FALSE
	EndGlobalSection
	GlobalSection(ExtensibilityGlobals) = postSolution
		SolutionGuid = {9247BE5E-0F56-402F-86CF-C4AEA5DE0139}
	EndGlobalSection
EndGlobal
